
Microsoft Visual Studio Solution File, Format Version 12.00
# Visual Studio Version 16
VisualStudioVersion = 16.0.29609.76
MinimumVisualStudioVersion = 10.0.40219.1
Project("{FAE04EC0-301F-11D3-BF4B-00C04F79EFBC}") = "AmongUsUtility", "AmongUsUtility\AmongUsUtility.csproj", "{35C198C6-FDE3-4DBB-9152-4D66F6F94009}"
EndProject
Project("{FAE04EC0-301F-11D3-BF4B-00C04F79EFBC}") = "AmongUsBot", "AmongUsBot\AmongUsBot.csproj", "{81265B81-508E-4A1D-98F1-F98A84046284}"
EndProject
Project("{FAE04EC0-301F-11D3-BF4B-00C04F79EFBC}") = "AmongUsSQL", "AmongUsSQL\AmongUsSQL.csproj", "{D9828B86-C630-474D-BB84-AD4B3DA74401}"
EndProject
Global
	GlobalSection(SolutionConfigurationPlatforms) = preSolution
		Debug|Any CPU = Debug|Any CPU
		Release|Any CPU = Release|Any CPU
	EndGlobalSection
	GlobalSection(ProjectConfigurationPlatforms) = postSolution
		{35C198C6-FDE3-4DBB-9152-4D66F6F94009}.Debug|Any CPU.ActiveCfg = Debug|Any CPU
		{35C198C6-FDE3-4DBB-9152-4D66F6F94009}.Debug|Any CPU.Build.0 = Debug|Any CPU
		{35C198C6-FDE3-4DBB-9152-4D66F6F94009}.Release|Any CPU.ActiveCfg = Release|Any CPU
		{35C198C6-FDE3-4DBB-9152-4D66F6F94009}.Release|Any CPU.Build.0 = Release|Any CPU
		{81265B81-508E-4A1D-98F1-F98A84046284}.Debug|Any CPU.ActiveCfg = Debug|Any CPU
		{81265B81-508E-4A1D-98F1-F98A84046284}.Debug|Any CPU.Build.0 = Debug|Any CPU
		{81265B81-508E-4A1D-98F1-F98A84046284}.Release|Any CPU.ActiveCfg = Release|Any CPU
		{81265B81-508E-4A1D-98F1-F98A84046284}.Release|Any CPU.Build.0 = Release|Any CPU
		{D9828B86-C630-474D-BB84-AD4B3DA74401}.Debug|Any CPU.ActiveCfg = Debug|Any CPU
		{D9828B86-C630-474D-BB84-AD4B3DA74401}.Debug|Any CPU.Build.0 = Debug|Any CPU
		{D9828B86-C630-474D-BB84-AD4B3DA74401}.Release|Any CPU.ActiveCfg = Release|Any CPU
		{D9828B86-C630-474D-BB84-AD4B3DA74401}.Release|Any CPU.Build.0 = Release|Any CPU
	EndGlobalSection
	GlobalSection(SolutionProperties) = preSolution
		HideSolutionNode = FALSE
	EndGlobalSection
	GlobalSection(ExtensibilityGlobals) = postSolution
		SolutionGuid = {F1F283D6-4C49-4612-84E2-856D0C4C6E14}
	EndGlobalSection
EndGlobal
